
Microsoft Visual Studio Solution File, Format Version 12.00
# Visual Studio Version 17
VisualStudioVersion = 17.2.32630.192
MinimumVisualStudioVersion = 10.0.40219.1
Project("{FAE04EC0-301F-11D3-BF4B-00C04F79EFBC}") = "BookLibraryAPI", "BookLibraryAPI\BookLibraryAPI.csproj", "{005337DA-93BC-4475-A451-260CED7EA62E}"
EndProject
Project("{FAE04EC0-301F-11D3-BF4B-00C04F79EFBC}") = "UnitTesting", "UnitTesting\UnitTesting.csproj", "{68741252-1B95-4D63-8EA2-4C6566A105F1}"
EndProject
Global
	GlobalSection(SolutionConfigurationPlatforms) = preSolution
		Debug|Any CPU = Debug|Any CPU
		Release|Any CPU = Release|Any CPU
	EndGlobalSection
	GlobalSection(ProjectConfigurationPlatforms) = postSolution
		{005337DA-93BC-4475-A451-260CED7EA62E}.Debug|Any CPU.ActiveCfg = Debug|Any CPU
		{005337DA-93BC-4475-A451-260CED7EA62E}.Debug|Any CPU.Build.0 = Debug|Any CPU
		{005337DA-93BC-4475-A451-260CED7EA62E}.Release|Any CPU.ActiveCfg = Release|Any CPU
		{005337DA-93BC-4475-A451-260CED7EA62E}.Release|Any CPU.Build.0 = Release|Any CPU
		{68741252-1B95-4D63-8EA2-4C6566A105F1}.Debug|Any CPU.ActiveCfg = Debug|Any CPU
		{68741252-1B95-4D63-8EA2-4C6566A105F1}.Debug|Any CPU.Build.0 = Debug|Any CPU
		{68741252-1B95-4D63-8EA2-4C6566A105F1}.Release|Any CPU.ActiveCfg = Release|Any CPU
		{68741252-1B95-4D63-8EA2-4C6566A105F1}.Release|Any CPU.Build.0 = Release|Any CPU
	EndGlobalSection
	GlobalSection(SolutionProperties) = preSolution
		HideSolutionNode = FALSE
	EndGlobalSection
	GlobalSection(ExtensibilityGlobals) = postSolution
		SolutionGuid = {5D545FFB-D732-4D0B-9D6D-6928FA813E73}
	EndGlobalSection
EndGlobal
